
Microsoft Visual Studio Solution File, Format Version 12.00
# Visual Studio Version 17
VisualStudioVersion = 17.5.33530.505
MinimumVisualStudioVersion = 10.0.40219.1
Project("{FAE04EC0-301F-11D3-BF4B-00C04F79EFBC}") = "TestTaskApp", "TestTaskApp.csproj", "{0731855B-8A9B-4A4A-B132-3C0C9E953657}"
EndProject
Project("{FAE04EC0-301F-11D3-BF4B-00C04F79EFBC}") = "DataLayer", "..\DataLayer\DataLayer.csproj", "{63B89125-91A0-48DD-A2DD-9DE5976465D4}"
EndProject
Project("{FAE04EC0-301F-11D3-BF4B-00C04F79EFBC}") = "BusinessLayer", "..\BusinessLayer\BusinessLayer.csproj", "{09BDA2E4-4766-40F6-9919-BA45579239BE}"
EndProject
Global
	GlobalSection(SolutionConfigurationPlatforms) = preSolution
		Debug|Any CPU = Debug|Any CPU
		Release|Any CPU = Release|Any CPU
	EndGlobalSection
	GlobalSection(ProjectConfigurationPlatforms) = postSolution
		{0731855B-8A9B-4A4A-B132-3C0C9E953657}.Debug|Any CPU.ActiveCfg = Debug|Any CPU
		{0731855B-8A9B-4A4A-B132-3C0C9E953657}.Debug|Any CPU.Build.0 = Debug|Any CPU
		{0731855B-8A9B-4A4A-B132-3C0C9E953657}.Release|Any CPU.ActiveCfg = Release|Any CPU
		{0731855B-8A9B-4A4A-B132-3C0C9E953657}.Release|Any CPU.Build.0 = Release|Any CPU
		{63B89125-91A0-48DD-A2DD-9DE5976465D4}.Debug|Any CPU.ActiveCfg = Debug|Any CPU
		{63B89125-91A0-48DD-A2DD-9DE5976465D4}.Debug|Any CPU.Build.0 = Debug|Any CPU
		{63B89125-91A0-48DD-A2DD-9DE5976465D4}.Release|Any CPU.ActiveCfg = Release|Any CPU
		{63B89125-91A0-48DD-A2DD-9DE5976465D4}.Release|Any CPU.Build.0 = Release|Any CPU
		{09BDA2E4-4766-40F6-9919-BA45579239BE}.Debug|Any CPU.ActiveCfg = Debug|Any CPU
		{09BDA2E4-4766-40F6-9919-BA45579239BE}.Debug|Any CPU.Build.0 = Debug|Any CPU
		{09BDA2E4-4766-40F6-9919-BA45579239BE}.Release|Any CPU.ActiveCfg = Release|Any CPU
		{09BDA2E4-4766-40F6-9919-BA45579239BE}.Release|Any CPU.Build.0 = Release|Any CPU
	EndGlobalSection
	GlobalSection(SolutionProperties) = preSolution
		HideSolutionNode = FALSE
	EndGlobalSection
	GlobalSection(ExtensibilityGlobals) = postSolution
		SolutionGuid = {4B9F4F82-72B5-47CC-B2A9-17E9780FEAFC}
	EndGlobalSection
EndGlobal
